{
    "name": "@types/sizzle",
    "version": "2.3.3",
    "lockfileVersion": 3,
    "requires": true,
    "packages": {
        "": {
            "name": "@types/sizzle",
            "version": "2.3.3",
            "license": "MIT",
            "dependencies": {
                "@types/sizzle": "file:"
            }
        },
        "node_modules/@types/sizzle": {
            "resolved": "",
            "link": true
        }
    }
}
