{
    "name": "@types/jquery",
    "version": "3.5.14",
    "lockfileVersion": 3,
    "requires": true,
    "packages": {
        "": {
            "name": "@types/jquery",
            "version": "3.5.14",
            "license": "MIT",
            "dependencies": {
                "@types/jquery": "file:",
                "@types/sizzle": "*"
            }
        },
        "node_modules/@types/jquery": {
            "resolved": "",
            "link": true
        },
        "node_modules/@types/sizzle": {
            "version": "2.3.8",
            "resolved": "https://registry.npmjs.org/@types/sizzle/-/sizzle-2.3.8.tgz",
            "integrity": "sha512-0vWLNK2D5MT9dg0iOo8GlKguPAU02QjmZitPEsXRuJXU/OGIOt9vT9Fc26wtYuavLxtO45v9PGleoL9Z0k1LHg=="
        }
    }
}
